
Microsoft Visual Studio Solution File, Format Version 12.00
Project("{FAE04EC0-301F-11D3-BF4B-00C04F79EFBC}") = "SagaVsConsumers", "SagaVsConsumers\SagaVsConsumers.csproj", "{A8B327AF-25FF-4441-8302-C3F9F9A0491A}"
EndProject
Project("{2150E333-8FDC-42A3-9474-1A3956D46DE8}") = "Solution Items", "Solution Items", "{9277506A-1FD6-4B14-B118-CEE86D73959E}"
	ProjectSection(SolutionItems) = preProject
		docker-compose.yml = docker-compose.yml
		README.md = README.md
	EndProjectSection
EndProject
Global
	GlobalSection(SolutionConfigurationPlatforms) = preSolution
		Debug|Any CPU = Debug|Any CPU
		Release|Any CPU = Release|Any CPU
	EndGlobalSection
	GlobalSection(ProjectConfigurationPlatforms) = postSolution
		{A8B327AF-25FF-4441-8302-C3F9F9A0491A}.Debug|Any CPU.ActiveCfg = Debug|Any CPU
		{A8B327AF-25FF-4441-8302-C3F9F9A0491A}.Debug|Any CPU.Build.0 = Debug|Any CPU
		{A8B327AF-25FF-4441-8302-C3F9F9A0491A}.Release|Any CPU.ActiveCfg = Release|Any CPU
		{A8B327AF-25FF-4441-8302-C3F9F9A0491A}.Release|Any CPU.Build.0 = Release|Any CPU
	EndGlobalSection
EndGlobal
